
Microsoft Visual Studio Solution File, Format Version 12.00
# Visual Studio Version 17
VisualStudioVersion = 17.8.34330.188
MinimumVisualStudioVersion = 10.0.40219.1
Project("{FAE04EC0-301F-11D3-BF4B-00C04F79EFBC}") = "ISTAT_Nascite", "ISTAT_Nascite\ISTAT_Nascite.csproj", "{A528958F-E353-486B-BA39-0111A486CB21}"
EndProject
Global
	GlobalSection(SolutionConfigurationPlatforms) = preSolution
		Debug|Any CPU = Debug|Any CPU
		Release|Any CPU = Release|Any CPU
	EndGlobalSection
	GlobalSection(ProjectConfigurationPlatforms) = postSolution
		{A528958F-E353-486B-BA39-0111A486CB21}.Debug|Any CPU.ActiveCfg = Debug|Any CPU
		{A528958F-E353-486B-BA39-0111A486CB21}.Debug|Any CPU.Build.0 = Debug|Any CPU
		{A528958F-E353-486B-BA39-0111A486CB21}.Release|Any CPU.ActiveCfg = Release|Any CPU
		{A528958F-E353-486B-BA39-0111A486CB21}.Release|Any CPU.Build.0 = Release|Any CPU
	EndGlobalSection
	GlobalSection(SolutionProperties) = preSolution
		HideSolutionNode = FALSE
	EndGlobalSection
	GlobalSection(ExtensibilityGlobals) = postSolution
		SolutionGuid = {C4EE55DF-D94C-4CF7-8AB7-A38715AA8FDC}
	EndGlobalSection
EndGlobal
